
Microsoft Visual Studio Solution File, Format Version 12.00
# Visual Studio Version 17
VisualStudioVersion = 17.1.32228.430
MinimumVisualStudioVersion = 10.0.40219.1
Project("{F184B08F-C81C-45F6-A57F-5ABD9991F28F}") = "Listbox_Cole_24_3", "Listbox_Cole_24_3\Listbox_Cole_24_3.vbproj", "{F9E5BC93-6768-422C-9B01-323B27BC3806}"
EndProject
Global
	GlobalSection(SolutionConfigurationPlatforms) = preSolution
		Debug|Any CPU = Debug|Any CPU
		Release|Any CPU = Release|Any CPU
	EndGlobalSection
	GlobalSection(ProjectConfigurationPlatforms) = postSolution
		{F9E5BC93-6768-422C-9B01-323B27BC3806}.Debug|Any CPU.ActiveCfg = Debug|Any CPU
		{F9E5BC93-6768-422C-9B01-323B27BC3806}.Debug|Any CPU.Build.0 = Debug|Any CPU
		{F9E5BC93-6768-422C-9B01-323B27BC3806}.Release|Any CPU.ActiveCfg = Release|Any CPU
		{F9E5BC93-6768-422C-9B01-323B27BC3806}.Release|Any CPU.Build.0 = Release|Any CPU
	EndGlobalSection
	GlobalSection(SolutionProperties) = preSolution
		HideSolutionNode = FALSE
	EndGlobalSection
	GlobalSection(ExtensibilityGlobals) = postSolution
		SolutionGuid = {9B360BC8-B2E5-436F-821B-D8C39AA7B16C}
	EndGlobalSection
EndGlobal
