
Microsoft Visual Studio Solution File, Format Version 12.00
# Visual Studio Version 17
VisualStudioVersion = 17.1.32228.430
MinimumVisualStudioVersion = 10.0.40219.1
Project("{F184B08F-C81C-45F6-A57F-5ABD9991F28F}") = "LeGiaHan-2050531200139-(7-4)-giaodien", "LeGiaHan-2050531200139-(7-4)-giaodien\LeGiaHan-2050531200139-(7-4)-giaodien.vbproj", "{BF3003E8-C14C-4E4B-BA91-51B074EAD948}"
EndProject
Global
	GlobalSection(SolutionConfigurationPlatforms) = preSolution
		Debug|Any CPU = Debug|Any CPU
		Release|Any CPU = Release|Any CPU
	EndGlobalSection
	GlobalSection(ProjectConfigurationPlatforms) = postSolution
		{BF3003E8-C14C-4E4B-BA91-51B074EAD948}.Debug|Any CPU.ActiveCfg = Debug|Any CPU
		{BF3003E8-C14C-4E4B-BA91-51B074EAD948}.Debug|Any CPU.Build.0 = Debug|Any CPU
		{BF3003E8-C14C-4E4B-BA91-51B074EAD948}.Release|Any CPU.ActiveCfg = Release|Any CPU
		{BF3003E8-C14C-4E4B-BA91-51B074EAD948}.Release|Any CPU.Build.0 = Release|Any CPU
	EndGlobalSection
	GlobalSection(SolutionProperties) = preSolution
		HideSolutionNode = FALSE
	EndGlobalSection
	GlobalSection(ExtensibilityGlobals) = postSolution
		SolutionGuid = {362B273D-6412-4863-B8E1-7CCCFF3A28CD}
	EndGlobalSection
EndGlobal
